
Microsoft Visual Studio Solution File, Format Version 12.00
# Visual Studio Version 16
VisualStudioVersion = 16.0.30804.86
MinimumVisualStudioVersion = 10.0.40219.1
Project("{FAE04EC0-301F-11D3-BF4B-00C04F79EFBC}") = "LAB_07_Olshewski", "LAB_07_Olshewski\LAB_07_Olshewski.csproj", "{13EF7797-EDE8-492B-9087-247F74636504}"
EndProject
Global
	GlobalSection(SolutionConfigurationPlatforms) = preSolution
		Debug|Any CPU = Debug|Any CPU
		Release|Any CPU = Release|Any CPU
	EndGlobalSection
	GlobalSection(ProjectConfigurationPlatforms) = postSolution
		{13EF7797-EDE8-492B-9087-247F74636504}.Debug|Any CPU.ActiveCfg = Debug|Any CPU
		{13EF7797-EDE8-492B-9087-247F74636504}.Debug|Any CPU.Build.0 = Debug|Any CPU
		{13EF7797-EDE8-492B-9087-247F74636504}.Release|Any CPU.ActiveCfg = Release|Any CPU
		{13EF7797-EDE8-492B-9087-247F74636504}.Release|Any CPU.Build.0 = Release|Any CPU
	EndGlobalSection
	GlobalSection(SolutionProperties) = preSolution
		HideSolutionNode = FALSE
	EndGlobalSection
	GlobalSection(ExtensibilityGlobals) = postSolution
		SolutionGuid = {8C11B562-8B0C-478C-80A7-54D5C184E9E9}
	EndGlobalSection
EndGlobal
